# This file is automatically @generated by Cargo.
# It is not intended for manual editing.
[[package]]
name = "afire"
version = "0.1.0"
source = "git+https://github.com/Basicprogrammer10/afire.git?branch=main#d4053cbe4e10af9316734b42d6e7a87013940841"

[[package]]
name = "testing"
version = "0.1.0"
dependencies = [
 "afire",
]
